
Microsoft Visual Studio Solution File, Format Version 12.00
# Visual Studio Version 16
VisualStudioVersion = 16.0.31205.134
MinimumVisualStudioVersion = 10.0.40219.1
Project("{FAE04EC0-301F-11D3-BF4B-00C04F79EFBC}") = "pyPuntos", "pyPuntos.csproj", "{E8CA8259-3A1C-4945-8EE5-951AB1568029}"
EndProject
Global
	GlobalSection(SolutionConfigurationPlatforms) = preSolution
		Debug|Any CPU = Debug|Any CPU
		Release|Any CPU = Release|Any CPU
	EndGlobalSection
	GlobalSection(ProjectConfigurationPlatforms) = postSolution
		{E8CA8259-3A1C-4945-8EE5-951AB1568029}.Debug|Any CPU.ActiveCfg = Debug|Any CPU
		{E8CA8259-3A1C-4945-8EE5-951AB1568029}.Debug|Any CPU.Build.0 = Debug|Any CPU
		{E8CA8259-3A1C-4945-8EE5-951AB1568029}.Release|Any CPU.ActiveCfg = Release|Any CPU
		{E8CA8259-3A1C-4945-8EE5-951AB1568029}.Release|Any CPU.Build.0 = Release|Any CPU
	EndGlobalSection
	GlobalSection(SolutionProperties) = preSolution
		HideSolutionNode = FALSE
	EndGlobalSection
	GlobalSection(ExtensibilityGlobals) = postSolution
		SolutionGuid = {8D8F3EEC-3AD9-483B-8E9F-B4AD56B91A8E}
	EndGlobalSection
EndGlobal
